
Microsoft Visual Studio Solution File, Format Version 9.00
# Visual Studio 2005
Project("{8BC9CEB8-8B4A-11D0-8D11-00A0C91BC942}") = "objconv", "objconv.vcproj", "{CEA71E34-879A-4A82-A4BB-3FB4033B0BA8}"
EndProject
Global
	GlobalSection(SolutionConfigurationPlatforms) = preSolution
		Debug|Win32 = Debug|Win32
		Release|Win32 = Release|Win32
	EndGlobalSection
	GlobalSection(ProjectConfigurationPlatforms) = postSolution
		{CEA71E34-879A-4A82-A4BB-3FB4033B0BA8}.Debug|Win32.ActiveCfg = Debug|Win32
		{CEA71E34-879A-4A82-A4BB-3FB4033B0BA8}.Debug|Win32.Build.0 = Debug|Win32
		{CEA71E34-879A-4A82-A4BB-3FB4033B0BA8}.Release|Win32.ActiveCfg = Release|Win32
		{CEA71E34-879A-4A82-A4BB-3FB4033B0BA8}.Release|Win32.Build.0 = Release|Win32
	EndGlobalSection
	GlobalSection(SolutionProperties) = preSolution
		HideSolutionNode = FALSE
	EndGlobalSection
EndGlobal
